
Microsoft Visual Studio Solution File, Format Version 12.00
# Visual Studio Version 17
VisualStudioVersion = 17.5.33516.290
MinimumVisualStudioVersion = 10.0.40219.1
Project("{FAE04EC0-301F-11D3-BF4B-00C04F79EFBC}") = "PersonaEtaClasse", "PersonaEtaClasse\PersonaEtaClasse.csproj", "{0E9397B7-E22D-4ECE-AFB4-5BBDFFD4D0AA}"
EndProject
Global
	GlobalSection(SolutionConfigurationPlatforms) = preSolution
		Debug|Any CPU = Debug|Any CPU
		Release|Any CPU = Release|Any CPU
	EndGlobalSection
	GlobalSection(ProjectConfigurationPlatforms) = postSolution
		{0E9397B7-E22D-4ECE-AFB4-5BBDFFD4D0AA}.Debug|Any CPU.ActiveCfg = Debug|Any CPU
		{0E9397B7-E22D-4ECE-AFB4-5BBDFFD4D0AA}.Debug|Any CPU.Build.0 = Debug|Any CPU
		{0E9397B7-E22D-4ECE-AFB4-5BBDFFD4D0AA}.Release|Any CPU.ActiveCfg = Release|Any CPU
		{0E9397B7-E22D-4ECE-AFB4-5BBDFFD4D0AA}.Release|Any CPU.Build.0 = Release|Any CPU
	EndGlobalSection
	GlobalSection(SolutionProperties) = preSolution
		HideSolutionNode = FALSE
	EndGlobalSection
	GlobalSection(ExtensibilityGlobals) = postSolution
		SolutionGuid = {EA5011E6-95F7-4300-9D59-EA4F8736DF2D}
	EndGlobalSection
EndGlobal
